
Microsoft Visual Studio Solution File, Format Version 12.00
# Visual Studio Version 17
Project("{2150E333-8FDC-42A3-9474-1A3956D46DE8}") = "CMakePredefinedTargets", "CMakePredefinedTargets", "{419F13E6-3AC7-3B8F-BE64-E4BFA080A2DE}"
EndProject
Project("{2150E333-8FDC-42A3-9474-1A3956D46DE8}") = "Project", "Project", "{2EEEB1A9-2EFB-3013-9F2E-A0DC47C78E73}"
EndProject
Project("{8BC9CEB8-8B4A-11D0-8D11-00A0C91BC942}") = "GameLauncher", "GameLauncher.vcxproj", "{99DB6802-5A86-3DDC-89B2-AA0D5D3AEAA7}"
	ProjectSection(ProjectDependencies) = postProject
		{4C8A4DAE-A098-3B5F-A6F3-DAF0FB643C8D} = {4C8A4DAE-A098-3B5F-A6F3-DAF0FB643C8D}
	EndProjectSection
EndProject
Project("{8BC9CEB8-8B4A-11D0-8D11-00A0C91BC942}") = "ALL_BUILD", "ALL_BUILD.vcxproj", "{8621C31F-9F87-3B67-8A02-96F7AF24DF23}"
	ProjectSection(ProjectDependencies) = postProject
		{231C5ACC-33DC-3157-AE31-E3924AE45790} = {231C5ACC-33DC-3157-AE31-E3924AE45790}
		{36531DA3-562C-3E99-8AC9-39A7B79A584B} = {36531DA3-562C-3E99-8AC9-39A7B79A584B}
		{99DB6802-5A86-3DDC-89B2-AA0D5D3AEAA7} = {99DB6802-5A86-3DDC-89B2-AA0D5D3AEAA7}
		{5630F576-0EE6-38EB-BA27-10D57C44899A} = {5630F576-0EE6-38EB-BA27-10D57C44899A}
		{4C8A4DAE-A098-3B5F-A6F3-DAF0FB643C8D} = {4C8A4DAE-A098-3B5F-A6F3-DAF0FB643C8D}
	EndProjectSection
EndProject
Project("{8BC9CEB8-8B4A-11D0-8D11-00A0C91BC942}") = "Editor", "Editor.vcxproj", "{231C5ACC-33DC-3157-AE31-E3924AE45790}"
	ProjectSection(ProjectDependencies) = postProject
		{4C8A4DAE-A098-3B5F-A6F3-DAF0FB643C8D} = {4C8A4DAE-A098-3B5F-A6F3-DAF0FB643C8D}
	EndProjectSection
EndProject
Project("{8BC9CEB8-8B4A-11D0-8D11-00A0C91BC942}") = "Game", "Game.vcxproj", "{36531DA3-562C-3E99-8AC9-39A7B79A584B}"
	ProjectSection(ProjectDependencies) = postProject
		{4C8A4DAE-A098-3B5F-A6F3-DAF0FB643C8D} = {4C8A4DAE-A098-3B5F-A6F3-DAF0FB643C8D}
	EndProjectSection
EndProject
Project("{8BC9CEB8-8B4A-11D0-8D11-00A0C91BC942}") = "GameServer", "GameServer.vcxproj", "{5630F576-0EE6-38EB-BA27-10D57C44899A}"
	ProjectSection(ProjectDependencies) = postProject
		{4C8A4DAE-A098-3B5F-A6F3-DAF0FB643C8D} = {4C8A4DAE-A098-3B5F-A6F3-DAF0FB643C8D}
	EndProjectSection
EndProject
Project("{8BC9CEB8-8B4A-11D0-8D11-00A0C91BC942}") = "INSTALL", "INSTALL.vcxproj", "{69410850-6AF1-3EBE-9CC5-98ACE0136384}"
	ProjectSection(ProjectDependencies) = postProject
		{8621C31F-9F87-3B67-8A02-96F7AF24DF23} = {8621C31F-9F87-3B67-8A02-96F7AF24DF23}
		{4C8A4DAE-A098-3B5F-A6F3-DAF0FB643C8D} = {4C8A4DAE-A098-3B5F-A6F3-DAF0FB643C8D}
	EndProjectSection
EndProject
Project("{8BC9CEB8-8B4A-11D0-8D11-00A0C91BC942}") = "ZERO_CHECK", "ZERO_CHECK.vcxproj", "{4C8A4DAE-A098-3B5F-A6F3-DAF0FB643C8D}"
	ProjectSection(ProjectDependencies) = postProject
	EndProjectSection
EndProject
Global
	GlobalSection(SolutionConfigurationPlatforms) = preSolution
		Debug|x64 = Debug|x64
		Profile|x64 = Profile|x64
		Release|x64 = Release|x64
	EndGlobalSection
	GlobalSection(ProjectConfigurationPlatforms) = postSolution
		{99DB6802-5A86-3DDC-89B2-AA0D5D3AEAA7}.Debug|x64.ActiveCfg = Debug|x64
		{99DB6802-5A86-3DDC-89B2-AA0D5D3AEAA7}.Debug|x64.Build.0 = Debug|x64
		{99DB6802-5A86-3DDC-89B2-AA0D5D3AEAA7}.Profile|x64.ActiveCfg = Profile|x64
		{99DB6802-5A86-3DDC-89B2-AA0D5D3AEAA7}.Profile|x64.Build.0 = Profile|x64
		{99DB6802-5A86-3DDC-89B2-AA0D5D3AEAA7}.Release|x64.ActiveCfg = Release|x64
		{99DB6802-5A86-3DDC-89B2-AA0D5D3AEAA7}.Release|x64.Build.0 = Release|x64
		{8621C31F-9F87-3B67-8A02-96F7AF24DF23}.Debug|x64.ActiveCfg = Debug|x64
		{8621C31F-9F87-3B67-8A02-96F7AF24DF23}.Debug|x64.Build.0 = Debug|x64
		{8621C31F-9F87-3B67-8A02-96F7AF24DF23}.Profile|x64.ActiveCfg = Profile|x64
		{8621C31F-9F87-3B67-8A02-96F7AF24DF23}.Profile|x64.Build.0 = Profile|x64
		{8621C31F-9F87-3B67-8A02-96F7AF24DF23}.Release|x64.ActiveCfg = Release|x64
		{8621C31F-9F87-3B67-8A02-96F7AF24DF23}.Release|x64.Build.0 = Release|x64
		{231C5ACC-33DC-3157-AE31-E3924AE45790}.Debug|x64.ActiveCfg = Debug|x64
		{231C5ACC-33DC-3157-AE31-E3924AE45790}.Debug|x64.Build.0 = Debug|x64
		{231C5ACC-33DC-3157-AE31-E3924AE45790}.Profile|x64.ActiveCfg = Profile|x64
		{231C5ACC-33DC-3157-AE31-E3924AE45790}.Profile|x64.Build.0 = Profile|x64
		{231C5ACC-33DC-3157-AE31-E3924AE45790}.Release|x64.ActiveCfg = Release|x64
		{231C5ACC-33DC-3157-AE31-E3924AE45790}.Release|x64.Build.0 = Release|x64
		{36531DA3-562C-3E99-8AC9-39A7B79A584B}.Debug|x64.ActiveCfg = Debug|x64
		{36531DA3-562C-3E99-8AC9-39A7B79A584B}.Debug|x64.Build.0 = Debug|x64
		{36531DA3-562C-3E99-8AC9-39A7B79A584B}.Profile|x64.ActiveCfg = Profile|x64
		{36531DA3-562C-3E99-8AC9-39A7B79A584B}.Profile|x64.Build.0 = Profile|x64
		{36531DA3-562C-3E99-8AC9-39A7B79A584B}.Release|x64.ActiveCfg = Release|x64
		{36531DA3-562C-3E99-8AC9-39A7B79A584B}.Release|x64.Build.0 = Release|x64
		{5630F576-0EE6-38EB-BA27-10D57C44899A}.Debug|x64.ActiveCfg = Debug|x64
		{5630F576-0EE6-38EB-BA27-10D57C44899A}.Debug|x64.Build.0 = Debug|x64
		{5630F576-0EE6-38EB-BA27-10D57C44899A}.Profile|x64.ActiveCfg = Profile|x64
		{5630F576-0EE6-38EB-BA27-10D57C44899A}.Profile|x64.Build.0 = Profile|x64
		{5630F576-0EE6-38EB-BA27-10D57C44899A}.Release|x64.ActiveCfg = Release|x64
		{5630F576-0EE6-38EB-BA27-10D57C44899A}.Release|x64.Build.0 = Release|x64
		{69410850-6AF1-3EBE-9CC5-98ACE0136384}.Debug|x64.ActiveCfg = Debug|x64
		{69410850-6AF1-3EBE-9CC5-98ACE0136384}.Profile|x64.ActiveCfg = Profile|x64
		{69410850-6AF1-3EBE-9CC5-98ACE0136384}.Release|x64.ActiveCfg = Release|x64
		{4C8A4DAE-A098-3B5F-A6F3-DAF0FB643C8D}.Debug|x64.ActiveCfg = Debug|x64
		{4C8A4DAE-A098-3B5F-A6F3-DAF0FB643C8D}.Debug|x64.Build.0 = Debug|x64
		{4C8A4DAE-A098-3B5F-A6F3-DAF0FB643C8D}.Profile|x64.ActiveCfg = Profile|x64
		{4C8A4DAE-A098-3B5F-A6F3-DAF0FB643C8D}.Profile|x64.Build.0 = Profile|x64
		{4C8A4DAE-A098-3B5F-A6F3-DAF0FB643C8D}.Release|x64.ActiveCfg = Release|x64
		{4C8A4DAE-A098-3B5F-A6F3-DAF0FB643C8D}.Release|x64.Build.0 = Release|x64
	EndGlobalSection
	GlobalSection(NestedProjects) = preSolution
		{8621C31F-9F87-3B67-8A02-96F7AF24DF23} = {419F13E6-3AC7-3B8F-BE64-E4BFA080A2DE}
		{69410850-6AF1-3EBE-9CC5-98ACE0136384} = {419F13E6-3AC7-3B8F-BE64-E4BFA080A2DE}
		{4C8A4DAE-A098-3B5F-A6F3-DAF0FB643C8D} = {419F13E6-3AC7-3B8F-BE64-E4BFA080A2DE}
		{36531DA3-562C-3E99-8AC9-39A7B79A584B} = {2EEEB1A9-2EFB-3013-9F2E-A0DC47C78E73}
	EndGlobalSection
	GlobalSection(ExtensibilityGlobals) = postSolution
		SolutionGuid = {BED91975-4A4E-3A5A-8BAF-DBCA7C108569}
	EndGlobalSection
	GlobalSection(ExtensibilityAddIns) = postSolution
	EndGlobalSection
EndGlobal
