<?xml version="1.0" encoding="utf-8"?>
<Project ToolsVersion="17.0" xmlns="http://schemas.microsoft.com/developer/msbuild/2003">
  <ItemGroup>
    <ClCompile Include="C:\Users\panch\Documents\CRYENGINE Projects\Sidescroller\Code\StdAfx.cpp" />
    <ClCompile Include="C:\Users\panch\Documents\CRYENGINE Projects\Sidescroller\solutions\win64\Code_uber.cpp">
      <Filter>UBER FILES</Filter>
    </ClCompile>
    <ClCompile Include="C:\Users\panch\Documents\CRYENGINE Projects\Sidescroller\solutions\win64\Components_uber.cpp">
      <Filter>UBER FILES</Filter>
    </ClCompile>
  </ItemGroup>
  <ItemGroup>
    <ClInclude Include="C:\Users\panch\Documents\CRYENGINE Projects\Sidescroller\Code\GamePlugin.cpp" />
    <ClInclude Include="C:\Users\panch\Documents\CRYENGINE Projects\Sidescroller\Code\GamePlugin.h" />
    <ClInclude Include="C:\Users\panch\Documents\CRYENGINE Projects\Sidescroller\Code\StdAfx.h" />
    <ClInclude Include="C:\Users\panch\Documents\CRYENGINE Projects\Sidescroller\Code\Components\Player.cpp">
      <Filter>Components</Filter>
    </ClInclude>
    <ClInclude Include="C:\Users\panch\Documents\CRYENGINE Projects\Sidescroller\Code\Components\SpawnPoint.cpp">
      <Filter>Components</Filter>
    </ClInclude>
    <ClInclude Include="C:\Users\panch\Documents\CRYENGINE Projects\Sidescroller\Code\Components\Bullet.h">
      <Filter>Components</Filter>
    </ClInclude>
    <ClInclude Include="C:\Users\panch\Documents\CRYENGINE Projects\Sidescroller\Code\Components\Player.h">
      <Filter>Components</Filter>
    </ClInclude>
    <ClInclude Include="C:\Users\panch\Documents\CRYENGINE Projects\Sidescroller\Code\Components\SpawnPoint.h">
      <Filter>Components</Filter>
    </ClInclude>
  </ItemGroup>
  <ItemGroup>
    <CustomBuild Include="C:\Users\panch\Documents\CRYENGINE Projects\Sidescroller\Code\CMakeLists.txt" />
  </ItemGroup>
  <ItemGroup>
    <ResourceCompile Include="C:\Users\panch\Documents\CRYENGINE Projects\Sidescroller\solutions\win64\Game.autogen.rc">
      <Filter>Resource Files</Filter>
    </ResourceCompile>
  </ItemGroup>
  <ItemGroup>
    <Filter Include="Components">
      <UniqueIdentifier>{1D67C67F-2CB3-3895-9A82-3A77FA75E706}</UniqueIdentifier>
    </Filter>
    <Filter Include="Resource Files">
      <UniqueIdentifier>{1D133275-66AC-3AD6-8E46-D6A1A8D7F567}</UniqueIdentifier>
    </Filter>
    <Filter Include="UBER FILES">
      <UniqueIdentifier>{F754F18D-AC21-37D5-A2A7-DB25556BA485}</UniqueIdentifier>
    </Filter>
  </ItemGroup>
</Project>
